
Microsoft Visual Studio Solution File, Format Version 12.00
# Visual Studio 15
VisualStudioVersion = 15.0.28307.421
MinimumVisualStudioVersion = 10.0.40219.1
Project("{FAE04EC0-301F-11D3-BF4B-00C04F79EFBC}") = "SergeEnterpriseBotAuth1", "SergeEnterpriseBotAuth1\SergeEnterpriseBotAuth1.csproj", "{D157EE8F-8440-4C1F-8C7B-99A1E907A3B9}"
EndProject
Global
	GlobalSection(SolutionConfigurationPlatforms) = preSolution
		Debug|Any CPU = Debug|Any CPU
		Release|Any CPU = Release|Any CPU
	EndGlobalSection
	GlobalSection(ProjectConfigurationPlatforms) = postSolution
		{D157EE8F-8440-4C1F-8C7B-99A1E907A3B9}.Debug|Any CPU.ActiveCfg = Debug|Any CPU
		{D157EE8F-8440-4C1F-8C7B-99A1E907A3B9}.Debug|Any CPU.Build.0 = Debug|Any CPU
		{D157EE8F-8440-4C1F-8C7B-99A1E907A3B9}.Release|Any CPU.ActiveCfg = Release|Any CPU
		{D157EE8F-8440-4C1F-8C7B-99A1E907A3B9}.Release|Any CPU.Build.0 = Release|Any CPU
	EndGlobalSection
	GlobalSection(SolutionProperties) = preSolution
		HideSolutionNode = FALSE
	EndGlobalSection
	GlobalSection(ExtensibilityGlobals) = postSolution
		SolutionGuid = {1270950F-A184-4432-B769-D139063CC863}
	EndGlobalSection
EndGlobal
